[[package]]
name = "annotated-types"
version = "0.7.0"
description = "Reusable constraint types to use with typing.Annotated"
category = "main"
optional = false
python-versions = ">=3.8"

[[package]]
name = "anyio"
version = "4.9.0"
description = "High level compatibility layer for multiple asynchronous event loop implementations"
category = "main"
optional = false
python-versions = ">=3.9"

[package.dependencies]
exceptiongroup = {version = ">=1.0.2", markers = "python_version < \"3.11\""}
idna = ">=2.8"
sniffio = ">=1.1"
typing_extensions = {version = ">=4.5", markers = "python_version < \"3.13\""}

[package.extras]
trio = ["trio (>=0.26.1)"]
test = ["anyio", "blockbuster (>=1.5.23)", "coverage[toml] (>=7)", "exceptiongroup (>=1.2.0)", "hypothesis (>=4.0)", "psutil (>=5.9)", "pytest (>=7.0)", "trustme", "truststore (>=0.9.1)", "uvloop (>=0.21)"]
doc = ["packaging", "Sphinx (>=8.2,<9.0)", "sphinx-rtd-theme", "sphinx-autodoc-typehints (>=1.2.0)"]

[[package]]
name = "async-timeout"
version = "4.0.3"
description = "Timeout context manager for asyncio programs"
category = "main"
optional = false
python-versions = ">=3.7"

[[package]]
name = "certifi"
version = "2025.4.26"
description = "Python package for providing Mozilla's CA Bundle."
category = "main"
optional = false
python-versions = ">=3.6"

[[package]]
name = "cffi"
version = "1.17.1"
description = "Foreign Function Interface for Python calling C code."
category = "main"
optional = false
python-versions = ">=3.8"

[package.dependencies]
pycparser = "*"

[[package]]
name = "charset-normalizer"
version = "3.4.2"
description = "The Real First Universal Charset Detector. Open, modern and actively maintained alternative to Chardet."
category = "main"
optional = false
python-versions = ">=3.7"

[[package]]
name = "colorama"
version = "0.4.6"
description = "Cross-platform colored terminal text."
category = "main"
optional = false
python-versions = "!=3.0.*,!=3.1.*,!=3.2.*,!=3.3.*,!=3.4.*,!=3.5.*,!=3.6.*,>=2.7"

[[package]]
name = "distro"
version = "1.9.0"
description = "Distro - an OS platform information API"
category = "main"
optional = false
python-versions = ">=3.6"

[[package]]
name = "exceptiongroup"
version = "1.3.0"
description = "Backport of PEP 654 (exception groups)"
category = "main"
optional = false
python-versions = ">=3.7"

[package.dependencies]
typing-extensions = {version = ">=4.6.0", markers = "python_version < \"3.13\""}

[package.extras]
test = ["pytest (>=6)"]

[[package]]
name = "greenlet"
version = "3.2.2"
description = "Lightweight in-process concurrent programming"
category = "main"
optional = false
python-versions = ">=3.9"

[package.extras]
docs = ["sphinx", "furo"]
test = ["objgraph", "psutil"]

[[package]]
name = "h11"
version = "0.16.0"
description = "A pure-Python, bring-your-own-I/O implementation of HTTP/1.1"
category = "main"
optional = false
python-versions = ">=3.8"

[[package]]
name = "httpcore"
version = "1.0.9"
description = "A minimal low-level HTTP client."
category = "main"
optional = false
python-versions = ">=3.8"

[package.dependencies]
certifi = "*"
h11 = ">=0.16"

[package.extras]
asyncio = ["anyio (>=4.0,<5.0)"]
http2 = ["h2 (>=3,<5)"]
socks = ["socksio (>=1.0.0,<2.0.0)"]
trio = ["trio (>=0.22.0,<1.0)"]

[[package]]
name = "httpx"
version = "0.28.1"
description = "The next generation HTTP client."
category = "main"
optional = false
python-versions = ">=3.8"

[package.dependencies]
anyio = "*"
certifi = "*"
httpcore = ">=1.0.0,<2.0.0"
idna = "*"

[package.extras]
brotli = ["brotli", "brotlicffi"]
cli = ["click (>=8.0.0,<9.0.0)", "pygments (>=2.0.0,<3.0.0)", "rich (>=10,<14)"]
http2 = ["h2 (>=3,<5)"]
socks = ["socksio (>=1.0.0,<2.0.0)"]
zstd = ["zstandard (>=0.18.0)"]

[[package]]
name = "idna"
version = "3.10"
description = "Internationalized Domain Names in Applications (IDNA)"
category = "main"
optional = false
python-versions = ">=3.6"

[package.extras]
all = ["ruff (>=0.6.2)", "mypy (>=1.11.2)", "pytest (>=8.3.2)", "flake8 (>=7.1.1)"]

[[package]]
name = "jiter"
version = "0.9.0"
description = "Fast iterable JSON parser."
category = "main"
optional = false
python-versions = ">=3.8"

[[package]]
name = "jsonpatch"
version = "1.33"
description = "Apply JSON-Patches (RFC 6902)"
category = "main"
optional = false
python-versions = ">=2.7, !=3.0.*, !=3.1.*, !=3.2.*, !=3.3.*, !=3.4.*, !=3.5.*, !=3.6.*"

[package.dependencies]
jsonpointer = ">=1.9"

[[package]]
name = "jsonpointer"
version = "3.0.0"
description = "Identify specific nodes in a JSON document (RFC 6901)"
category = "main"
optional = false
python-versions = ">=3.7"

[[package]]
name = "langchain"
version = "0.3.25"
description = "Building applications with LLMs through composability"
category = "main"
optional = false
python-versions = ">=3.9"

[package.dependencies]
async-timeout = {version = ">=4.0.0,<5.0.0", markers = "python_version < \"3.11\""}
langchain-core = ">=0.3.58,<1.0.0"
langchain-openai = {version = "*", optional = true, markers = "extra == \"openai\""}
langchain-text-splitters = ">=0.3.8,<1.0.0"
langsmith = ">=0.1.17,<0.4"
pydantic = ">=2.7.4,<3.0.0"
PyYAML = ">=5.3"
requests = ">=2,<3"
SQLAlchemy = ">=1.4,<3"

[package.extras]
community = ["langchain-community"]
anthropic = ["langchain-anthropic"]
openai = ["langchain-openai"]
azure-ai = ["langchain-azure-ai"]
cohere = ["langchain-cohere"]
google-vertexai = ["langchain-google-vertexai"]
google-genai = ["langchain-google-genai"]
fireworks = ["langchain-fireworks"]
ollama = ["langchain-ollama"]
together = ["langchain-together"]
mistralai = ["langchain-mistralai"]
huggingface = ["langchain-huggingface"]
groq = ["langchain-groq"]
aws = ["langchain-aws"]
deepseek = ["langchain-deepseek"]
xai = ["langchain-xai"]
perplexity = ["langchain-perplexity"]

[[package]]
name = "langchain-core"
version = "0.3.61"
description = "Building applications with LLMs through composability"
category = "main"
optional = false
python-versions = ">=3.9"

[package.dependencies]
jsonpatch = ">=1.33,<2.0"
langsmith = ">=0.1.126,<0.4"
packaging = ">=23.2,<25"
pydantic = ">=2.7.4"
PyYAML = ">=5.3"
tenacity = ">=8.1.0,<8.4.0 || >8.4.0,<10.0.0"
typing-extensions = ">=4.7"

[[package]]
name = "langchain-openai"
version = "0.3.18"
description = "An integration package connecting OpenAI and LangChain"
category = "main"
optional = false
python-versions = ">=3.9"

[package.dependencies]
langchain-core = ">=0.3.61,<1.0.0"
openai = ">=1.68.2,<2.0.0"
tiktoken = ">=0.7,<1"

[[package]]
name = "langchain-text-splitters"
version = "0.3.8"
description = "LangChain text splitting utilities"
category = "main"
optional = false
python-versions = "<4.0,>=3.9"

[package.dependencies]
langchain-core = ">=0.3.51,<1.0.0"

[[package]]
name = "langgraph"
version = "0.4.3"
description = "Building stateful, multi-actor applications with LLMs"
category = "main"
optional = false
python-versions = ">=3.9"

[package.dependencies]
langchain-core = {version = ">=0.1", markers = "python_version < \"4.0\""}
langgraph-checkpoint = ">=2.0.10,<3.0.0"
langgraph-prebuilt = {version = ">=0.1.8", markers = "python_version < \"4.0\""}
langgraph-sdk = {version = ">=0.1.42", markers = "python_version < \"4.0\""}
pydantic = ">=2.7.4"
xxhash = ">=3.5.0,<4.0.0"

[[package]]
name = "langgraph-checkpoint"
version = "2.0.25"
description = "Library with base interfaces for LangGraph checkpoint savers."
category = "main"
optional = false
python-versions = "<4.0.0,>=3.9.0"

[package.dependencies]
langchain-core = ">=0.2.38,<0.4"
ormsgpack = ">=1.8.0,<2.0.0"

[[package]]
name = "langgraph-prebuilt"
version = "0.1.8"
description = "Library with high-level APIs for creating and executing LangGraph agents and tools."
category = "main"
optional = false
python-versions = "<4.0.0,>=3.9.0"

[package.dependencies]
langchain-core = ">=0.2.43,<0.3.0 || >0.3.0,<0.3.1 || >0.3.1,<0.3.2 || >0.3.2,<0.3.3 || >0.3.3,<0.3.4 || >0.3.4,<0.3.5 || >0.3.5,<0.3.6 || >0.3.6,<0.3.7 || >0.3.7,<0.3.8 || >0.3.8,<0.3.9 || >0.3.9,<0.3.10 || >0.3.10,<0.3.11 || >0.3.11,<0.3.12 || >0.3.12,<0.3.13 || >0.3.13,<0.3.14 || >0.3.14,<0.3.15 || >0.3.15,<0.3.16 || >0.3.16,<0.3.17 || >0.3.17,<0.3.18 || >0.3.18,<0.3.19 || >0.3.19,<0.3.20 || >0.3.20,<0.3.21 || >0.3.21,<0.3.22 || >0.3.22,<0.4.0"
langgraph-checkpoint = ">=2.0.10,<3.0.0"

[[package]]
name = "langgraph-sdk"
version = "0.1.66"
description = "SDK for interacting with LangGraph API"
category = "main"
optional = false
python-versions = ">=3.9"

[package.dependencies]
httpx = ">=0.25.2"
orjson = ">=3.10.1"

[[package]]
name = "langsmith"
version = "0.3.42"
description = "Client library to connect to the LangSmith LLM Tracing and Evaluation Platform."
category = "main"
optional = false
python-versions = ">=3.9"

[package.dependencies]
httpx = ">=0.23.0,<1"
orjson = {version = ">=3.9.14,<4.0.0", markers = "platform_python_implementation != \"PyPy\""}
packaging = ">=23.2"
pydantic = [
    {version = ">=1,<3", markers = "python_full_version < \"3.12.4\""},
    {version = ">=2.7.4,<3.0.0", markers = "python_full_version >= \"3.12.4\""},
]
requests = ">=2,<3"
requests-toolbelt = ">=1.0.0,<2.0.0"
zstandard = ">=0.23.0,<0.24.0"

[package.extras]
langsmith-pyo3 = ["langsmith-pyo3 (>=0.1.0rc2,<0.2.0)"]
openai-agents = ["openai-agents (>=0.0.3,<0.1)"]
otel = ["opentelemetry-api (>=1.30.0,<2.0.0)", "opentelemetry-exporter-otlp-proto-http (>=1.30.0,<2.0.0)", "opentelemetry-sdk (>=1.30.0,<2.0.0)"]
pytest = ["pytest (>=7.0.0)", "rich (>=13.9.4,<14.0.0)"]

[[package]]
name = "openai"
version = "1.78.0"
description = "The official Python library for the openai API"
category = "main"
optional = false
python-versions = ">=3.8"

[package.dependencies]
anyio = ">=3.5.0,<5"
distro = ">=1.7.0,<2"
httpx = ">=0.23.0,<1"
jiter = ">=0.4.0,<1"
pydantic = ">=1.9.0,<3"
sniffio = "*"
tqdm = ">4"
typing-extensions = ">=4.11,<5"

[package.extras]
datalib = ["numpy (>=1)", "pandas-stubs (>=1.1.0.11)", "pandas (>=1.2.3)"]
realtime = ["websockets (>=13,<16)"]
voice-helpers = ["numpy (>=2.0.2)", "sounddevice (>=0.5.1)"]

[[package]]
name = "orjson"
version = "3.10.18"
description = "Fast, correct Python JSON library supporting dataclasses, datetimes, and numpy"
category = "main"
optional = false
python-versions = ">=3.9"

[[package]]
name = "ormsgpack"
version = "1.9.1"
description = "Fast, correct Python msgpack library supporting dataclasses, datetimes, and numpy"
category = "main"
optional = false
python-versions = ">=3.9"

[[package]]
name = "packaging"
version = "24.2"
description = "Core utilities for Python packages"
category = "main"
optional = false
python-versions = ">=3.8"

[[package]]
name = "pycparser"
version = "2.22"
description = "C parser in Python"
category = "main"
optional = false
python-versions = ">=3.8"

[[package]]
name = "pydantic"
version = "2.11.5"
description = "Data validation using Python type hints"
category = "main"
optional = false
python-versions = ">=3.9"

[package.dependencies]
annotated-types = ">=0.6.0"
pydantic-core = "2.33.2"
typing-extensions = ">=4.12.2"
typing-inspection = ">=0.4.0"

[package.extras]
email = ["email-validator (>=2.0.0)"]
timezone = ["tzdata"]

[[package]]
name = "pydantic-core"
version = "2.33.2"
description = "Core functionality for Pydantic validation and serialization"
category = "main"
optional = false
python-versions = ">=3.9"

[package.dependencies]
typing-extensions = ">=4.6.0,<4.7.0 || >4.7.0"

[[package]]
name = "pyyaml"
version = "6.0.2"
description = "YAML parser and emitter for Python"
category = "main"
optional = false
python-versions = ">=3.8"

[[package]]
name = "regex"
version = "2024.11.6"
description = "Alternative regular expression module, to replace re."
category = "main"
optional = false
python-versions = ">=3.8"

[[package]]
name = "requests"
version = "2.32.3"
description = "Python HTTP for Humans."
category = "main"
optional = false
python-versions = ">=3.8"

[package.dependencies]
certifi = ">=2017.4.17"
charset-normalizer = ">=2,<4"
idna = ">=2.5,<4"
urllib3 = ">=1.21.1,<3"

[package.extras]
socks = ["PySocks (>=1.5.6,!=1.5.7)"]
use-chardet-on-py3 = ["chardet (>=3.0.2,<6)"]

[[package]]
name = "requests-toolbelt"
version = "1.0.0"
description = "A utility belt for advanced users of python-requests"
category = "main"
optional = false
python-versions = ">=2.7, !=3.0.*, !=3.1.*, !=3.2.*, !=3.3.*"

[package.dependencies]
requests = ">=2.0.1,<3.0.0"

[[package]]
name = "sniffio"
version = "1.3.1"
description = "Sniff out which async library your code is running under"
category = "main"
optional = false
python-versions = ">=3.7"

[[package]]
name = "sqlalchemy"
version = "2.0.40"
description = "Database Abstraction Library"
category = "main"
optional = false
python-versions = ">=3.7"

[package.dependencies]
greenlet = {version = ">=1", markers = "python_version < \"3.14\" and (platform_machine == \"aarch64\" or platform_machine == \"ppc64le\" or platform_machine == \"x86_64\" or platform_machine == \"amd64\" or platform_machine == \"AMD64\" or platform_machine == \"win32\" or platform_machine == \"WIN32\")"}
typing-extensions = ">=4.6.0"

[package.extras]
asyncio = ["greenlet (>=1)"]
mypy = ["mypy (>=0.910)"]
mssql = ["pyodbc"]
mssql-pymssql = ["pymssql"]
mssql-pyodbc = ["pyodbc"]
mysql = ["mysqlclient (>=1.4.0)"]
mysql-connector = ["mysql-connector-python"]
mariadb-connector = ["mariadb (>=1.0.1,!=1.1.2,!=1.1.5,!=1.1.10)"]
oracle = ["cx_oracle (>=8)"]
oracle-oracledb = ["oracledb (>=1.0.1)"]
postgresql = ["psycopg2 (>=2.7)"]
postgresql-pg8000 = ["pg8000 (>=1.29.1)"]
postgresql-asyncpg = ["greenlet (>=1)", "asyncpg"]
postgresql-psycopg2binary = ["psycopg2-binary"]
postgresql-psycopg2cffi = ["psycopg2cffi"]
postgresql-psycopg = ["psycopg (>=3.0.7)"]
postgresql-psycopgbinary = ["psycopg[binary] (>=3.0.7)"]
pymysql = ["pymysql"]
aiomysql = ["greenlet (>=1)", "aiomysql (>=0.2.0)"]
aioodbc = ["greenlet (>=1)", "aioodbc"]
asyncmy = ["greenlet (>=1)", "asyncmy (>=0.2.3,!=0.2.4,!=0.2.6)"]
aiosqlite = ["greenlet (>=1)", "aiosqlite", "typing_extensions (!=3.10.0.1)"]
sqlcipher = ["sqlcipher3-binary"]

[[package]]
name = "tenacity"
version = "9.1.2"
description = "Retry code until it succeeds"
category = "main"
optional = false
python-versions = ">=3.9"

[package.extras]
doc = ["reno", "sphinx"]
test = ["pytest", "tornado (>=4.5)", "typeguard"]

[[package]]
name = "tiktoken"
version = "0.9.0"
description = "tiktoken is a fast BPE tokeniser for use with OpenAI's models"
category = "main"
optional = false
python-versions = ">=3.9"

[package.dependencies]
regex = ">=2022.1.18"
requests = ">=2.26.0"

[package.extras]
blobfile = ["blobfile (>=2)"]

[[package]]
name = "tqdm"
version = "4.67.1"
description = "Fast, Extensible Progress Meter"
category = "main"
optional = false
python-versions = ">=3.7"

[package.dependencies]
colorama = {version = "*", markers = "platform_system == \"Windows\""}

[package.extras]
dev = ["pytest (>=6)", "pytest-cov", "pytest-timeout", "pytest-asyncio (>=0.24)", "nbval"]
discord = ["requests"]
slack = ["slack-sdk"]
telegram = ["requests"]
notebook = ["ipywidgets (>=6)"]

[[package]]
name = "typing-extensions"
version = "4.13.2"
description = "Backported and Experimental Type Hints for Python 3.8+"
category = "main"
optional = false
python-versions = ">=3.8"

[[package]]
name = "typing-inspection"
version = "0.4.0"
description = "Runtime typing introspection tools"
category = "main"
optional = false
python-versions = ">=3.9"

[package.dependencies]
typing-extensions = ">=4.12.0"

[[package]]
name = "urllib3"
version = "2.4.0"
description = "HTTP library with thread-safe connection pooling, file post, and more."
category = "main"
optional = false
python-versions = ">=3.9"

[package.extras]
brotli = ["brotli (>=1.0.9)", "brotlicffi (>=0.8.0)"]
h2 = ["h2 (>=4,<5)"]
socks = ["pysocks (>=1.5.6,!=1.5.7,<2.0)"]
zstd = ["zstandard (>=0.18.0)"]

[[package]]
name = "xxhash"
version = "3.5.0"
description = "Python binding for xxHash"
category = "main"
optional = false
python-versions = ">=3.7"

[[package]]
name = "zstandard"
version = "0.23.0"
description = "Zstandard bindings for Python"
category = "main"
optional = false
python-versions = ">=3.8"

[package.dependencies]
cffi = {version = ">=1.11", markers = "platform_python_implementation == \"PyPy\""}

[package.extras]
cffi = ["cffi (>=1.11)"]

[metadata]
lock-version = "1.1"
python-versions = "^3.9"
content-hash = "60c030b0aedcac9b88332356fa44ec208fdc827087c47f7d74cb852c18d5a746"

[metadata.files]
annotated-types = []
anyio = []
async-timeout = []
certifi = []
cffi = []
charset-normalizer = []
colorama = []
distro = []
exceptiongroup = []
greenlet = []
h11 = []
httpcore = []
httpx = []
idna = []
jiter = []
jsonpatch = []
jsonpointer = []
langchain = []
langchain-core = []
langchain-openai = []
langchain-text-splitters = []
langgraph = []
langgraph-checkpoint = []
langgraph-prebuilt = []
langgraph-sdk = []
langsmith = []
openai = []
orjson = []
ormsgpack = []
packaging = []
pycparser = []
pydantic = []
pydantic-core = []
pyyaml = []
regex = []
requests = []
requests-toolbelt = []
sniffio = []
sqlalchemy = []
tenacity = []
tiktoken = []
tqdm = []
typing-extensions = []
typing-inspection = []
urllib3 = []
xxhash = []
zstandard = []
